
Microsoft Visual Studio Solution File, Format Version 12.00
# Visual Studio 15
VisualStudioVersion = 15.0.27703.2047
MinimumVisualStudioVersion = 10.0.40219.1
Project("{FAE04EC0-301F-11D3-BF4B-00C04F79EFBC}") = "AngularLab", "AngularLab\AngularLab.csproj", "{3A789924-663C-4F30-A47D-A866F3B83F15}"
EndProject
Global
	GlobalSection(SolutionConfigurationPlatforms) = preSolution
		Debug|Any CPU = Debug|Any CPU
		Release|Any CPU = Release|Any CPU
	EndGlobalSection
	GlobalSection(ProjectConfigurationPlatforms) = postSolution
		{3A789924-663C-4F30-A47D-A866F3B83F15}.Debug|Any CPU.ActiveCfg = Debug|Any CPU
		{3A789924-663C-4F30-A47D-A866F3B83F15}.Debug|Any CPU.Build.0 = Debug|Any CPU
		{3A789924-663C-4F30-A47D-A866F3B83F15}.Release|Any CPU.ActiveCfg = Release|Any CPU
		{3A789924-663C-4F30-A47D-A866F3B83F15}.Release|Any CPU.Build.0 = Release|Any CPU
	EndGlobalSection
	GlobalSection(SolutionProperties) = preSolution
		HideSolutionNode = FALSE
	EndGlobalSection
	GlobalSection(ExtensibilityGlobals) = postSolution
		SolutionGuid = {F67F557D-0604-45CB-BB91-B85FF19A3485}
	EndGlobalSection
EndGlobal
